<?xml version="1.0" encoding="utf-8"?>
<Project ToolsVersion="4.0" xmlns="http://schemas.microsoft.com/developer/msbuild/2003">
  <ItemGroup>
    <Filter Include="C Source Files">
      <UniqueIdentifier>{29a2eb04-8b9b-4564-8870-bd94c4af06e0}</UniqueIdentifier>
      <Extensions>cpp;c;cxx;def;odl;idl;hpj;bat;asm</Extensions>
    </Filter>
    <Filter Include="Header Files">
      <UniqueIdentifier>{4d6a55df-2cb4-4b89-aa52-e65076b6a791}</UniqueIdentifier>
      <Extensions>h;hpp;hxx;hm;inl;inc</Extensions>
    </Filter>
    <Filter Include="Resource Files">
      <UniqueIdentifier>{9db374ff-c016-4893-91a6-7ffbd598d5fc}</UniqueIdentifier>
      <Extensions>rc;ico;cur;bmp;dlg;rc2;rct;bin;rgs;gif;jpg;jpeg;jpe</Extensions>
    </Filter>
    <Filter Include="RTXCgen Files">
      <UniqueIdentifier>{0ea36be5-207e-4a32-9f91-4d43dd37d6f8}</UniqueIdentifier>
    </Filter>
    <Filter Include="RTXCgen Files\Include">
      <UniqueIdentifier>{2f54af80-9583-4e8c-b424-f2be70170ac3}</UniqueIdentifier>
    </Filter>
    <Filter Include="Configuration">
      <UniqueIdentifier>{4526f333-163a-472e-8583-dafb5d53b071}</UniqueIdentifier>
    </Filter>
    <Filter Include="Configuration\Board">
      <UniqueIdentifier>{5f4ac2ea-a74c-4c51-8fca-c7c6758a53eb}</UniqueIdentifier>
    </Filter>
    <Filter Include="Configuration\Board\Include">
      <UniqueIdentifier>{676f1361-c00f-45c0-adcf-e82c40cd510e}</UniqueIdentifier>
    </Filter>
  </ItemGroup>
  <ItemGroup>
    <ClCompile Include="..\C Source\main.cpp">
      <Filter>C Source Files</Filter>
    </ClCompile>
    <ClCompile Include="stdafx.cpp">
      <Filter>C Source Files</Filter>
    </ClCompile>
    <ClCompile Include="..\Rtxcgen Files\CONITASK.cpp">
      <Filter>RTXCgen Files</Filter>
    </ClCompile>
    <ClCompile Include="..\Rtxcgen Files\CONOTASK.cpp">
      <Filter>RTXCgen Files</Filter>
    </ClCompile>
    <ClCompile Include="..\Rtxcgen Files\kalarm.cpp">
      <Filter>RTXCgen Files</Filter>
    </ClCompile>
    <ClCompile Include="..\Rtxcgen Files\kcounter.cpp">
      <Filter>RTXCgen Files</Filter>
    </ClCompile>
    <ClCompile Include="..\Rtxcgen Files\kevntsrc.cpp">
      <Filter>RTXCgen Files</Filter>
    </ClCompile>
    <ClCompile Include="..\Rtxcgen Files\kexcptn.cpp">
      <Filter>RTXCgen Files</Filter>
    </ClCompile>
    <ClCompile Include="..\Rtxcgen Files\klevel.cpp">
      <Filter>RTXCgen Files</Filter>
    </ClCompile>
    <ClCompile Include="..\Rtxcgen Files\kmbox.cpp">
      <Filter>RTXCgen Files</Filter>
    </ClCompile>
    <ClCompile Include="..\Rtxcgen Files\kmutx.cpp">
      <Filter>RTXCgen Files</Filter>
    </ClCompile>
    <ClCompile Include="..\Rtxcgen Files\kpart.cpp">
      <Filter>RTXCgen Files</Filter>
    </ClCompile>
    <ClCompile Include="..\Rtxcgen Files\kpipe.cpp">
      <Filter>RTXCgen Files</Filter>
    </ClCompile>
    <ClCompile Include="..\Rtxcgen Files\kproject.cpp">
      <Filter>RTXCgen Files</Filter>
    </ClCompile>
    <ClCompile Include="..\Rtxcgen Files\kqueue.cpp">
      <Filter>RTXCgen Files</Filter>
    </ClCompile>
    <ClCompile Include="..\Rtxcgen Files\ksema.cpp">
      <Filter>RTXCgen Files</Filter>
    </ClCompile>
    <ClCompile Include="..\Rtxcgen Files\ktask.cpp">
      <Filter>RTXCgen Files</Filter>
    </ClCompile>
    <ClCompile Include="..\Rtxcgen Files\kthread.cpp">
      <Filter>RTXCgen Files</Filter>
    </ClCompile>
    <ClCompile Include="..\Rtxcgen Files\TMR0ISR.cpp">
      <Filter>RTXCgen Files</Filter>
    </ClCompile>
    <ClCompile Include="..\Rtxcgen Files\UART0ISR.cpp">
      <Filter>RTXCgen Files</Filter>
    </ClCompile>
    <ClCompile Include="..\Common\rtxcuart.cpp">
      <Filter>Configuration</Filter>
    </ClCompile>
    <ClCompile Include="..\Common\sysinit.cpp">
      <Filter>Configuration</Filter>
    </ClCompile>
    <ClCompile Include="..\Rtxcgen Files\Principal.cpp">
      <Filter>RTXCgen Files</Filter>
    </ClCompile>
    <ClCompile Include="..\Rtxcgen Files\winbgi.cpp">
      <Filter>RTXCgen Files</Filter>
    </ClCompile>
    <ClCompile Include="..\Rtxcgen Files\DISPLAY.cpp">
      <Filter>RTXCgen Files</Filter>
    </ClCompile>
    <ClCompile Include="..\Rtxcgen Files\Tabuleiro.cpp">
      <Filter>RTXCgen Files</Filter>
    </ClCompile>
    <ClCompile Include="..\Rtxcgen Files\Player1.cpp">
      <Filter>RTXCgen Files</Filter>
    </ClCompile>
    <ClCompile Include="..\Rtxcgen Files\Player2.cpp">
      <Filter>RTXCgen Files</Filter>
    </ClCompile>
    <ClCompile Include="..\Rtxcgen Files\Bola.cpp">
      <Filter>RTXCgen Files</Filter>
    </ClCompile>
    <ClCompile Include="..\Rtxcgen Files\Mov_Bola.cpp">
      <Filter>RTXCgen Files</Filter>
    </ClCompile>
    <ClCompile Include="..\Rtxcgen Files\Teclado.cpp">
      <Filter>RTXCgen Files</Filter>
    </ClCompile>
  </ItemGroup>
  <ItemGroup>
    <ClInclude Include="Resource.h">
      <Filter>Header Files</Filter>
    </ClInclude>
    <ClInclude Include="stdafx.h">
      <Filter>Header Files</Filter>
    </ClInclude>
    <ClInclude Include="..\Rtxcgen Files\aoptions.h">
      <Filter>RTXCgen Files</Filter>
    </ClInclude>
    <ClInclude Include="..\Rtxcgen Files\kalarm.h">
      <Filter>RTXCgen Files\Include</Filter>
    </ClInclude>
    <ClInclude Include="..\Rtxcgen Files\kcounter.h">
      <Filter>RTXCgen Files\Include</Filter>
    </ClInclude>
    <ClInclude Include="..\Rtxcgen Files\kevntsrc.h">
      <Filter>RTXCgen Files\Include</Filter>
    </ClInclude>
    <ClInclude Include="..\Rtxcgen Files\kexcptn.h">
      <Filter>RTXCgen Files\Include</Filter>
    </ClInclude>
    <ClInclude Include="..\Rtxcgen Files\klevel.h">
      <Filter>RTXCgen Files\Include</Filter>
    </ClInclude>
    <ClInclude Include="..\Rtxcgen Files\kmbox.h">
      <Filter>RTXCgen Files\Include</Filter>
    </ClInclude>
    <ClInclude Include="..\Rtxcgen Files\kmutx.h">
      <Filter>RTXCgen Files\Include</Filter>
    </ClInclude>
    <ClInclude Include="..\Rtxcgen Files\koptions.h">
      <Filter>RTXCgen Files\Include</Filter>
    </ClInclude>
    <ClInclude Include="..\Rtxcgen Files\kpart.h">
      <Filter>RTXCgen Files\Include</Filter>
    </ClInclude>
    <ClInclude Include="..\Rtxcgen Files\kpipe.h">
      <Filter>RTXCgen Files\Include</Filter>
    </ClInclude>
    <ClInclude Include="..\Rtxcgen Files\kproject.h">
      <Filter>RTXCgen Files\Include</Filter>
    </ClInclude>
    <ClInclude Include="..\Rtxcgen Files\kqueue.h">
      <Filter>RTXCgen Files\Include</Filter>
    </ClInclude>
    <ClInclude Include="..\Rtxcgen Files\ksema.h">
      <Filter>RTXCgen Files\Include</Filter>
    </ClInclude>
    <ClInclude Include="..\Rtxcgen Files\ktask.h">
      <Filter>RTXCgen Files\Include</Filter>
    </ClInclude>
    <ClInclude Include="..\Rtxcgen Files\kthread.h">
      <Filter>RTXCgen Files\Include</Filter>
    </ClInclude>
    <ClInclude Include="..\Configuration\Board\rtxcuart.h">
      <Filter>Configuration\Board\Include</Filter>
    </ClInclude>
    <ClInclude Include="..\Configuration\Board\sysinit.h">
      <Filter>Configuration\Board\Include</Filter>
    </ClInclude>
    <ClInclude Include="..\Rtxcgen Files\objetos.h">
      <Filter>RTXCgen Files\Include</Filter>
    </ClInclude>
    <ClInclude Include="..\rtxcgen files\graphics.h">
      <Filter>RTXCgen Files\Include</Filter>
    </ClInclude>
    <ClInclude Include="..\Rtxcgen Files\Util.h">
      <Filter>RTXCgen Files\Include</Filter>
    </ClInclude>
  </ItemGroup>
  <ItemGroup>
    <None Include="modelo.ico">
      <Filter>Resource Files</Filter>
    </None>
    <None Include="small.ico">
      <Filter>Resource Files</Filter>
    </None>
  </ItemGroup>
  <ItemGroup>
    <ResourceCompile Include="modelo.rc">
      <Filter>Resource Files</Filter>
    </ResourceCompile>
  </ItemGroup>
</Project>